// !$*UTF8*$!
{
	archiveVersion = 1;
	classes = {
	};
	objectVersion = 48;
	objects = {

/* Begin PBXBuildFile section */
		ADFD3CA81F92FAAF00FB3168 /* AppDelegate.swift in Sources */ = {isa = PBXBuildFile; fileRef = ADFD3CA71F92FAAF00FB3168 /* AppDelegate.swift */; };
		ADFD3CAA1F92FAAF00FB3168 /* ViewController.swift in Sources */ = {isa = PBXBuildFile; fileRef = ADFD3CA91F92FAAF00FB3168 /* ViewController.swift */; };
		ADFD3CAD1F92FAAF00FB3168 /* Main.storyboard in Resources */ = {isa = PBXBuildFile; fileRef = ADFD3CAB1F92FAAF00FB3168 /* Main.storyboard */; };
		ADFD3CAF1F92FAAF00FB3168 /* Assets.xcassets in Resources */ = {isa = PBXBuildFile; fileRef = ADFD3CAE1F92FAAF00FB3168 /* Assets.xcassets */; };
		ADFD3CB21F92FAAF00FB3168 /* LaunchScreen.storyboard in Resources */ = {isa = PBXBuildFile; fileRef = ADFD3CB01F92FAAF00FB3168 /* LaunchScreen.storyboard */; };
		ADFD3CC01F9301AE00FB3168 /* SegundoViewController.swift in Sources */ = {isa = PBXBuildFile; fileRef = ADFD3CBF1F9301AE00FB3168 /* SegundoViewController.swift */; };
/* End PBXBuildFile section */

/* Begin PBXFileReference section */
		AD4E801E1F93BCFA0008C4CD /* e9e228ef4a2fff6a45aec5d2c4dc1ff3.jpg */ = {isa = PBXFileReference; lastKnownFileType = image.jpeg; path = e9e228ef4a2fff6a45aec5d2c4dc1ff3.jpg; sourceTree = "<group>"; };
		ADFD3CA41F92FAAF00FB3168 /* piedraPapelOTijera.app */ = {isa = PBXFileReference; explicitFileType = wrapper.application; includeInIndex = 0; path = piedraPapelOTijera.app; sourceTree = BUILT_PRODUCTS_DIR; };
		ADFD3CA71F92FAAF00FB3168 /* AppDelegate.swift */ = {isa = PBXFileReference; lastKnownFileType = sourcecode.swift; path = AppDelegate.swift; sourceTree = "<group>"; };
		ADFD3CA91F92FAAF00FB3168 /* ViewController.swift */ = {isa = PBXFileReference; lastKnownFileType = sourcecode.swift; path = ViewController.swift; sourceTree = "<group>"; };
		ADFD3CAC1F92FAAF00FB3168 /* Base */ = {isa = PBXFileReference; lastKnownFileType = file.storyboard; name = Base; path = Base.lproj/Main.storyboard; sourceTree = "<group>"; };
		ADFD3CAE1F92FAAF00FB3168 /* Assets.xcassets */ = {isa = PBXFileReference; lastKnownFileType = folder.assetcatalog; path = Assets.xcassets; sourceTree = "<group>"; };
		ADFD3CB11F92FAAF00FB3168 /* Base */ = {isa = PBXFileReference; lastKnownFileType = file.storyboard; name = Base; path = Base.lproj/LaunchScreen.storyboard; sourceTree = "<group>"; };
		ADFD3CB31F92FAAF00FB3168 /* Info.plist */ = {isa = PBXFileReference; lastKnownFileType = text.plist.xml; path = Info.plist; sourceTree = "<group>"; };
		ADFD3CBF1F9301AE00FB3168 /* SegundoViewController.swift */ = {isa = PBXFileReference; lastKnownFileType = sourcecode.swift; path = SegundoViewController.swift; sourceTree = "<group>"; };
/* End PBXFileReference section */

/* Begin PBXFrameworksBuildPhase section */
		ADFD3CA11F92FAAF00FB3168 /* Frameworks */ = {
			isa = PBXFrameworksBuildPhase;
			buildActionMask = 2147483647;
			files = (
			);
			runOnlyForDeploymentPostprocessing = 0;
		};
/* End PBXFrameworksBuildPhase section */

/* Begin PBXGroup section */
		ADFD3C9B1F92FAAF00FB3168 = {
			isa = PBXGroup;
			children = (
				ADFD3CA61F92FAAF00FB3168 /* piedraPapelOTijera */,
				ADFD3CA51F92FAAF00FB3168 /* Products */,
			);
			sourceTree = "<group>";
		};
		ADFD3CA51F92FAAF00FB3168 /* Products */ = {
			isa = PBXGroup;
			children = (
				ADFD3CA41F92FAAF00FB3168 /* piedraPapelOTijera.app */,
			);
			name = Products;
			sourceTree = "<group>";
		};
		ADFD3CA61F92FAAF00FB3168 /* piedraPapelOTijera */ = {
			isa = PBXGroup;
			children = (
				ADFD3CA71F92FAAF00FB3168 /* AppDelegate.swift */,
				ADFD3CA91F92FAAF00FB3168 /* ViewController.swift */,
				ADFD3CAB1F92FAAF00FB3168 /* Main.storyboard */,
				ADFD3CAE1F92FAAF00FB3168 /* Assets.xcassets */,
				ADFD3CB01F92FAAF00FB3168 /* LaunchScreen.storyboard */,
				ADFD3CB31F92FAAF00FB3168 /* Info.plist */,
				ADFD3CBF1F9301AE00FB3168 /* SegundoViewController.swift */,
				AD4E801E1F93BCFA0008C4CD /* e9e228ef4a2fff6a45aec5d2c4dc1ff3.jpg */,
			);
			path = piedraPapelOTijera;
			sourceTree = "<group>";
		};
/* End PBXGroup section */

/* Begin PBXNativeTarget section */
		ADFD3CA31F92FAAF00FB3168 /* piedraPapelOTijera */ = {
			isa = PBXNativeTarget;
			buildConfigurationList = ADFD3CB61F92FAAF00FB3168 /* Build configuration list for PBXNativeTarget "piedraPapelOTijera" */;
			buildPhases = (
				ADFD3CA01F92FAAF00FB3168 /* Sources */,
				ADFD3CA11F92FAAF00FB3168 /* Frameworks */,
				ADFD3CA21F92FAAF00FB3168 /* Resources */,
			);
			buildRules = (
			);
			dependencies = (
			);
			name = piedraPapelOTijera;
			productName = piedraPapelOTijera;
			productReference = ADFD3CA41F92FAAF00FB3168 /* piedraPapelOTijera.app */;
			productType = "com.apple.product-type.application";
		};
/* End PBXNativeTarget section */

/* Begin PBXProject section */
		ADFD3C9C1F92FAAF00FB3168 /* Project object */ = {
			isa = PBXProject;
			attributes = {
				LastSwiftUpdateCheck = 0900;
				LastUpgradeCheck = 0900;
				ORGANIZATIONNAME = "Pedro Antonio Vazquez Rodriguez";
				TargetAttributes = {
					ADFD3CA31F92FAAF00FB3168 = {
						CreatedOnToolsVersion = 9.0;
						ProvisioningStyle = Automatic;
					};
				};
			};
			buildConfigurationList = ADFD3C9F1F92FAAF00FB3168 /* Build configuration list for PBXProject "piedraPapelOTijera" */;
			compatibilityVersion = "Xcode 8.0";
			developmentRegion = en;
			hasScannedForEncodings = 0;
			knownRegions = (
				en,
				Base,
			);
			mainGroup = ADFD3C9B1F92FAAF00FB3168;
			productRefGroup = ADFD3CA51F92FAAF00FB3168 /* Products */;
			projectDirPath = "";
			projectRoot = "";
			targets = (
				ADFD3CA31F92FAAF00FB3168 /* piedraPapelOTijera */,
			);
		};
/* End PBXProject section */

/* Begin PBXResourcesBuildPhase section */
		ADFD3CA21F92FAAF00FB3168 /* Resources */ = {
			isa = PBXResourcesBuildPhase;
			buildActionMask = 2147483647;
			files = (
				ADFD3CB21F92FAAF00FB3168 /* LaunchScreen.storyboard in Resources */,
				ADFD3CAF1F92FAAF00FB3168 /* Assets.xcassets in Resources */,
				ADFD3CAD1F92FAAF00FB3168 /* Main.storyboard in Resources */,
			);
			runOnlyForDeploymentPostprocessing = 0;
		};
/* End PBXResourcesBuildPhase section */

/* Begin PBXSourcesBuildPhase section */
		ADFD3CA01F92FAAF00FB3168 /* Sources */ = {
			isa = PBXSourcesBuildPhase;
			buildActionMask = 2147483647;
			files = (
				ADFD3CAA1F92FAAF00FB3168 /* ViewController.swift in Sources */,
				ADFD3CA81F92FAAF00FB3168 /* AppDelegate.swift in Sources */,
				ADFD3CC01F9301AE00FB3168 /* SegundoViewController.swift in Sources */,
			);
			runOnlyForDeploymentPostprocessing = 0;
		};
/* End PBXSourcesBuildPhase section */

/* Begin PBXVariantGroup section */
		ADFD3CAB1F92FAAF00FB3168 /* Main.storyboard */ = {
			isa = PBXVariantGroup;
			children = (
				ADFD3CAC1F92FAAF00FB3168 /* Base */,
			);
			name = Main.storyboard;
			sourceTree = "<group>";
		};
		ADFD3CB01F92FAAF00FB3168 /* LaunchScreen.storyboard */ = {
			isa = PBXVariantGroup;
			children = (
				ADFD3CB11F92FAAF00FB3168 /* Base */,
			);
			name = LaunchScreen.storyboard;
			sourceTree = "<group>";
		};
/* End PBXVariantGroup section */

/* Begin XCBuildConfiguration section */
		ADFD3CB41F92FAAF00FB3168 /* Debug */ = {
			isa = XCBuildConfiguration;
			buildSettings = {
				ALWAYS_SEARCH_USER_PATHS = NO;
				CLANG_ANALYZER_NONNULL = YES;
				CLANG_ANALYZER_NUMBER_OBJECT_CONVERSION = YES_AGGRESSIVE;
				CLANG_CXX_LANGUAGE_STANDARD = "gnu++14";
				CLANG_CXX_LIBRARY = "libc++";
				CLANG_ENABLE_MODULES = YES;
				CLANG_ENABLE_OBJC_ARC = YES;
				CLANG_WARN_BLOCK_CAPTURE_AUTORELEASING = YES;
				CLANG_WARN_BOOL_CONVERSION = YES;
				CLANG_WARN_COMMA = YES;
				CLANG_WARN_CONSTANT_CONVERSION = YES;
				CLANG_WARN_DIRECT_OBJC_ISA_USAGE = YES_ERROR;
				CLANG_WARN_DOCUMENTATION_COMMENTS = YES;
				CLANG_WARN_EMPTY_BODY = YES;
				CLANG_WARN_ENUM_CONVERSION = YES;
				CLANG_WARN_INFINITE_RECURSION = YES;
				CLANG_WARN_INT_CONVERSION = YES;
				CLANG_WARN_NON_LITERAL_NULL_CONVERSION = YES;
				CLANG_WARN_OBJC_LITERAL_CONVERSION = YES;
				CLANG_WARN_OBJC_ROOT_CLASS = YES_ERROR;
				CLANG_WARN_RANGE_LOOP_ANALYSIS = YES;
				CLANG_WARN_STRICT_PROTOTYPES = YES;
				CLANG_WARN_SUSPICIOUS_MOVE = YES;
				CLANG_WARN_UNGUARDED_AVAILABILITY = YES_AGGRESSIVE;
				CLANG_WARN_UNREACHABLE_CODE = YES;
				CLANG_WARN__DUPLICATE_METHOD_MATCH = YES;
				CODE_SIGN_IDENTITY = "iPhone Developer";
				COPY_PHASE_STRIP = NO;
				DEBUG_INFORMATION_FORMAT = dwarf;
				ENABLE_STRICT_OBJC_MSGSEND = YES;
				ENABLE_TESTABILITY = YES;
				GCC_C_LANGUAGE_STANDARD = gnu11;
				GCC_DYNAMIC_NO_PIC = NO;
				GCC_NO_COMMON_BLOCKS = YES;
				GCC_OPTIMIZATION_LEVEL = 0;
				GCC_PREPROCESSOR_DEFINITIONS = (
					"DEBUG=1",
					"$(inherited)",
				);
				GCC_WARN_64_TO_32_BIT_CONVERSION = YES;
				GCC_WARN_ABOUT_RETURN_TYPE = YES_ERROR;
				GCC_WARN_UNDECLARED_SELECTOR = YES;
				GCC_WARN_UNINITIALIZED_AUTOS = YES_AGGRESSIVE;
				GCC_WARN_UNUSED_FUNCTION = YES;
				GCC_WARN_UNUSED_VARIABLE = YES;
				IPHONEOS_DEPLOYMENT_TARGET = 11.0;
				MTL_ENABLE_DEBUG_INFO = YES;
				ONLY_ACTIVE_ARCH = YES;
				SDKROOT = iphoneos;
				SWIFT_ACTIVE_COMPILATION_CONDITIONS = DEBUG;
				SWIFT_OPTIMIZATION_LEVEL = "-Onone";
			};
			name = Debug;
		};
		ADFD3CB51F92FAAF00FB3168 /* Release */ = {
			isa = XCBuildConfiguration;
			buildSettings = {
				ALWAYS_SEARCH_USER_PATHS = NO;
				CLANG_ANALYZER_NONNULL = YES;
				CLANG_ANALYZER_NUMBER_OBJECT_CONVERSION = YES_AGGRESSIVE;
				CLANG_CXX_LANGUAGE_STANDARD = "gnu++14";
				CLANG_CXX_LIBRARY = "libc++";
				CLANG_ENABLE_MODULES = YES;
				CLANG_ENABLE_OBJC_ARC = YES;
				CLANG_WARN_BLOCK_CAPTURE_AUTORELEASING = YES;
				CLANG_WARN_BOOL_CONVERSION = YES;
				CLANG_WARN_COMMA = YES;
				CLANG_WARN_CONSTANT_CONVERSION = YES;
				CLANG_WARN_DIRECT_OBJC_ISA_USAGE = YES_ERROR;
				CLANG_WARN_DOCUMENTATION_COMMENTS = YES;
				CLANG_WARN_EMPTY_BODY = YES;
				CLANG_WARN_ENUM_CONVERSION = YES;
				CLANG_WARN_INFINITE_RECURSION = YES;
				CLANG_WARN_INT_CONVERSION = YES;
				CLANG_WARN_NON_LITERAL_NULL_CONVERSION = YES;
				CLANG_WARN_OBJC_LITERAL_CONVERSION = YES;
				CLANG_WARN_OBJC_ROOT_CLASS = YES_ERROR;
				CLANG_WARN_RANGE_LOOP_ANALYSIS = YES;
				CLANG_WARN_STRICT_PROTOTYPES = YES;
				CLANG_WARN_SUSPICIOUS_MOVE = YES;
				CLANG_WARN_UNGUARDED_AVAILABILITY = YES_AGGRESSIVE;
				CLANG_WARN_UNREACHABLE_CODE = YES;
				CLANG_WARN__DUPLICATE_METHOD_MATCH = YES;
				CODE_SIGN_IDENTITY = "iPhone Developer";
				COPY_PHASE_STRIP = NO;
				DEBUG_INFORMATION_FORMAT = "dwarf-with-dsym";
				ENABLE_NS_ASSERTIONS = NO;
				ENABLE_STRICT_OBJC_MSGSEND = YES;
				GCC_C_LANGUAGE_STANDARD = gnu11;
				GCC_NO_COMMON_BLOCKS = YES;
				GCC_WARN_64_TO_32_BIT_CONVERSION = YES;
				GCC_WARN_ABOUT_RETURN_TYPE = YES_ERROR;
				GCC_WARN_UNDECLARED_SELECTOR = YES;
				GCC_WARN_UNINITIALIZED_AUTOS = YES_AGGRESSIVE;
				GCC_WARN_UNUSED_FUNCTION = YES;
				GCC_WARN_UNUSED_VARIABLE = YES;
				IPHONEOS_DEPLOYMENT_TARGET = 11.0;
				MTL_ENABLE_DEBUG_INFO = NO;
				SDKROOT = iphoneos;
				SWIFT_OPTIMIZATION_LEVEL = "-Owholemodule";
				VALIDATE_PRODUCT = YES;
			};
			name = Release;
		};
		ADFD3CB71F92FAAF00FB3168 /* Debug */ = {
			isa = XCBuildConfiguration;
			buildSettings = {
				ASSETCATALOG_COMPILER_APPICON_NAME = AppIcon;
				CODE_SIGN_STYLE = Automatic;
				DEVELOPMENT_TEAM = 4YDAEX93RK;
				INFOPLIST_FILE = piedraPapelOTijera/Info.plist;
				LD_RUNPATH_SEARCH_PATHS = "$(inherited) @executable_path/Frameworks";
				PRODUCT_BUNDLE_IDENTIFIER = lol.piedraPapelOTijera;
				PRODUCT_NAME = "$(TARGET_NAME)";
				SWIFT_VERSION = 4.0;
				TARGETED_DEVICE_FAMILY = "1,2";
			};
			name = Debug;
		};
		ADFD3CB81F92FAAF00FB3168 /* Release */ = {
			isa = XCBuildConfiguration;
			buildSettings = {
				ASSETCATALOG_COMPILER_APPICON_NAME = AppIcon;
				CODE_SIGN_STYLE = Automatic;
				DEVELOPMENT_TEAM = 4YDAEX93RK;
				INFOPLIST_FILE = piedraPapelOTijera/Info.plist;
				LD_RUNPATH_SEARCH_PATHS = "$(inherited) @executable_path/Frameworks";
				PRODUCT_BUNDLE_IDENTIFIER = lol.piedraPapelOTijera;
				PRODUCT_NAME = "$(TARGET_NAME)";
				SWIFT_VERSION = 4.0;
				TARGETED_DEVICE_FAMILY = "1,2";
			};
			name = Release;
		};
/* End XCBuildConfiguration section */

/* Begin XCConfigurationList section */
		ADFD3C9F1F92FAAF00FB3168 /* Build configuration list for PBXProject "piedraPapelOTijera" */ = {
			isa = XCConfigurationList;
			buildConfigurations = (
				ADFD3CB41F92FAAF00FB3168 /* Debug */,
				ADFD3CB51F92FAAF00FB3168 /* Release */,
			);
			defaultConfigurationIsVisible = 0;
			defaultConfigurationName = Release;
		};
		ADFD3CB61F92FAAF00FB3168 /* Build configuration list for PBXNativeTarget "piedraPapelOTijera" */ = {
			isa = XCConfigurationList;
			buildConfigurations = (
				ADFD3CB71F92FAAF00FB3168 /* Debug */,
				ADFD3CB81F92FAAF00FB3168 /* Release */,
			);
			defaultConfigurationIsVisible = 0;
			defaultConfigurationName = Release;
		};
/* End XCConfigurationList section */
	};
	rootObject = ADFD3C9C1F92FAAF00FB3168 /* Project object */;
}
